// !$*UTF8*$!
{
	archiveVersion = 1;
	classes = {
	};
	objectVersion = 50;
	objects = {

/* Begin PBXBuildFile section */
		C72D9DDC21F2F3C1006C2640 /* AppDelegate.swift in Sources */ = {isa = PBXBuildFile; fileRef = C72D9DDB21F2F3C1006C2640 /* AppDelegate.swift */; };
		C72D9DDE21F2F3C1006C2640 /* ViewController.swift in Sources */ = {isa = PBXBuildFile; fileRef = C72D9DDD21F2F3C1006C2640 /* ViewController.swift */; };
		C72D9DE121F2F3C1006C2640 /* Main.storyboard in Resources */ = {isa = PBXBuildFile; fileRef = C72D9DDF21F2F3C1006C2640 /* Main.storyboard */; };
		C72D9DE321F2F3C2006C2640 /* Assets.xcassets in Resources */ = {isa = PBXBuildFile; fileRef = C72D9DE221F2F3C2006C2640 /* Assets.xcassets */; };
		C72D9DE621F2F3C2006C2640 /* LaunchScreen.storyboard in Resources */ = {isa = PBXBuildFile; fileRef = C72D9DE421F2F3C2006C2640 /* LaunchScreen.storyboard */; };
/* End PBXBuildFile section */

/* Begin PBXFileReference section */
		C72D9DD821F2F3C1006C2640 /* Semi-Automated Platooning for Efficient Transportation.app */ = {isa = PBXFileReference; explicitFileType = wrapper.application; includeInIndex = 0; path = "Semi-Automated Platooning for Efficient Transportation.app"; sourceTree = BUILT_PRODUCTS_DIR; };
		C72D9DDB21F2F3C1006C2640 /* AppDelegate.swift */ = {isa = PBXFileReference; lastKnownFileType = sourcecode.swift; path = AppDelegate.swift; sourceTree = "<group>"; };
		C72D9DDD21F2F3C1006C2640 /* ViewController.swift */ = {isa = PBXFileReference; lastKnownFileType = sourcecode.swift; path = ViewController.swift; sourceTree = "<group>"; };
		C72D9DE021F2F3C1006C2640 /* Base */ = {isa = PBXFileReference; lastKnownFileType = file.storyboard; name = Base; path = Base.lproj/Main.storyboard; sourceTree = "<group>"; };
		C72D9DE221F2F3C2006C2640 /* Assets.xcassets */ = {isa = PBXFileReference; lastKnownFileType = folder.assetcatalog; path = Assets.xcassets; sourceTree = "<group>"; };
		C72D9DE521F2F3C2006C2640 /* Base */ = {isa = PBXFileReference; lastKnownFileType = file.storyboard; name = Base; path = Base.lproj/LaunchScreen.storyboard; sourceTree = "<group>"; };
		C72D9DE721F2F3C2006C2640 /* Info.plist */ = {isa = PBXFileReference; lastKnownFileType = text.plist.xml; path = Info.plist; sourceTree = "<group>"; };
/* End PBXFileReference section */

/* Begin PBXFrameworksBuildPhase section */
		C72D9DD521F2F3C1006C2640 /* Frameworks */ = {
			isa = PBXFrameworksBuildPhase;
			buildActionMask = 2147483647;
			files = (
			);
			runOnlyForDeploymentPostprocessing = 0;
		};
/* End PBXFrameworksBuildPhase section */

/* Begin PBXGroup section */
		C72D9DCF21F2F3C0006C2640 = {
			isa = PBXGroup;
			children = (
				C72D9DDA21F2F3C1006C2640 /* Semi-Automated Platooning for Efficient Transportation */,
				C72D9DD921F2F3C1006C2640 /* Products */,
			);
			sourceTree = "<group>";
		};
		C72D9DD921F2F3C1006C2640 /* Products */ = {
			isa = PBXGroup;
			children = (
				C72D9DD821F2F3C1006C2640 /* Semi-Automated Platooning for Efficient Transportation.app */,
			);
			name = Products;
			sourceTree = "<group>";
		};
		C72D9DDA21F2F3C1006C2640 /* Semi-Automated Platooning for Efficient Transportation */ = {
			isa = PBXGroup;
			children = (
				C72D9DDB21F2F3C1006C2640 /* AppDelegate.swift */,
				C72D9DDD21F2F3C1006C2640 /* ViewController.swift */,
				C72D9DDF21F2F3C1006C2640 /* Main.storyboard */,
				C72D9DE221F2F3C2006C2640 /* Assets.xcassets */,
				C72D9DE421F2F3C2006C2640 /* LaunchScreen.storyboard */,
				C72D9DE721F2F3C2006C2640 /* Info.plist */,
			);
			path = "Semi-Automated Platooning for Efficient Transportation";
			sourceTree = "<group>";
		};
/* End PBXGroup section */

/* Begin PBXNativeTarget section */
		C72D9DD721F2F3C1006C2640 /* Semi-Automated Platooning for Efficient Transportation */ = {
			isa = PBXNativeTarget;
			buildConfigurationList = C72D9DEA21F2F3C2006C2640 /* Build configuration list for PBXNativeTarget "Semi-Automated Platooning for Efficient Transportation" */;
			buildPhases = (
				C72D9DD421F2F3C1006C2640 /* Sources */,
				C72D9DD521F2F3C1006C2640 /* Frameworks */,
				C72D9DD621F2F3C1006C2640 /* Resources */,
			);
			buildRules = (
			);
			dependencies = (
			);
			name = "Semi-Automated Platooning for Efficient Transportation";
			productName = "Semi-Automated Platooning for Efficient Transportation";
			productReference = C72D9DD821F2F3C1006C2640 /* Semi-Automated Platooning for Efficient Transportation.app */;
			productType = "com.apple.product-type.application";
		};
/* End PBXNativeTarget section */

/* Begin PBXProject section */
		C72D9DD021F2F3C1006C2640 /* Project object */ = {
			isa = PBXProject;
			attributes = {
				LastSwiftUpdateCheck = 1010;
				LastUpgradeCheck = 1010;
				ORGANIZATIONNAME = "Aarush Mehrotra";
				TargetAttributes = {
					C72D9DD721F2F3C1006C2640 = {
						CreatedOnToolsVersion = 10.1;
					};
				};
			};
			buildConfigurationList = C72D9DD321F2F3C1006C2640 /* Build configuration list for PBXProject "Semi-Automated Platooning for Efficient Transportation" */;
			compatibilityVersion = "Xcode 9.3";
			developmentRegion = en;
			hasScannedForEncodings = 0;
			knownRegions = (
				en,
				Base,
			);
			mainGroup = C72D9DCF21F2F3C0006C2640;
			productRefGroup = C72D9DD921F2F3C1006C2640 /* Products */;
			projectDirPath = "";
			projectRoot = "";
			targets = (
				C72D9DD721F2F3C1006C2640 /* Semi-Automated Platooning for Efficient Transportation */,
			);
		};
/* End PBXProject section */

/* Begin PBXResourcesBuildPhase section */
		C72D9DD621F2F3C1006C2640 /* Resources */ = {
			isa = PBXResourcesBuildPhase;
			buildActionMask = 2147483647;
			files = (
				C72D9DE621F2F3C2006C2640 /* LaunchScreen.storyboard in Resources */,
				C72D9DE321F2F3C2006C2640 /* Assets.xcassets in Resources */,
				C72D9DE121F2F3C1006C2640 /* Main.storyboard in Resources */,
			);
			runOnlyForDeploymentPostprocessing = 0;
		};
/* End PBXResourcesBuildPhase section */

/* Begin PBXSourcesBuildPhase section */
		C72D9DD421F2F3C1006C2640 /* Sources */ = {
			isa = PBXSourcesBuildPhase;
			buildActionMask = 2147483647;
			files = (
				C72D9DDE21F2F3C1006C2640 /* ViewController.swift in Sources */,
				C72D9DDC21F2F3C1006C2640 /* AppDelegate.swift in Sources */,
			);
			runOnlyForDeploymentPostprocessing = 0;
		};
/* End PBXSourcesBuildPhase section */

/* Begin PBXVariantGroup section */
		C72D9DDF21F2F3C1006C2640 /* Main.storyboard */ = {
			isa = PBXVariantGroup;
			children = (
				C72D9DE021F2F3C1006C2640 /* Base */,
			);
			name = Main.storyboard;
			sourceTree = "<group>";
		};
		C72D9DE421F2F3C2006C2640 /* LaunchScreen.storyboard */ = {
			isa = PBXVariantGroup;
			children = (
				C72D9DE521F2F3C2006C2640 /* Base */,
			);
			name = LaunchScreen.storyboard;
			sourceTree = "<group>";
		};
/* End PBXVariantGroup section */

/* Begin XCBuildConfiguration section */
		C72D9DE821F2F3C2006C2640 /* Debug */ = {
			isa = XCBuildConfiguration;
			buildSettings = {
				ALWAYS_SEARCH_USER_PATHS = NO;
				CLANG_ANALYZER_NONNULL = YES;
				CLANG_ANALYZER_NUMBER_OBJECT_CONVERSION = YES_AGGRESSIVE;
				CLANG_CXX_LANGUAGE_STANDARD = "gnu++14";
				CLANG_CXX_LIBRARY = "libc++";
				CLANG_ENABLE_MODULES = YES;
				CLANG_ENABLE_OBJC_ARC = YES;
				CLANG_ENABLE_OBJC_WEAK = YES;
				CLANG_WARN_BLOCK_CAPTURE_AUTORELEASING = YES;
				CLANG_WARN_BOOL_CONVERSION = YES;
				CLANG_WARN_COMMA = YES;
				CLANG_WARN_CONSTANT_CONVERSION = YES;
				CLANG_WARN_DEPRECATED_OBJC_IMPLEMENTATIONS = YES;
				CLANG_WARN_DIRECT_OBJC_ISA_USAGE = YES_ERROR;
				CLANG_WARN_DOCUMENTATION_COMMENTS = YES;
				CLANG_WARN_EMPTY_BODY = YES;
				CLANG_WARN_ENUM_CONVERSION = YES;
				CLANG_WARN_INFINITE_RECURSION = YES;
				CLANG_WARN_INT_CONVERSION = YES;
				CLANG_WARN_NON_LITERAL_NULL_CONVERSION = YES;
				CLANG_WARN_OBJC_IMPLICIT_RETAIN_SELF = YES;
				CLANG_WARN_OBJC_LITERAL_CONVERSION = YES;
				CLANG_WARN_OBJC_ROOT_CLASS = YES_ERROR;
				CLANG_WARN_RANGE_LOOP_ANALYSIS = YES;
				CLANG_WARN_STRICT_PROTOTYPES = YES;
				CLANG_WARN_SUSPICIOUS_MOVE = YES;
				CLANG_WARN_UNGUARDED_AVAILABILITY = YES_AGGRESSIVE;
				CLANG_WARN_UNREACHABLE_CODE = YES;
				CLANG_WARN__DUPLICATE_METHOD_MATCH = YES;
				CODE_SIGN_IDENTITY = "iPhone Developer";
				COPY_PHASE_STRIP = NO;
				DEBUG_INFORMATION_FORMAT = dwarf;
				ENABLE_STRICT_OBJC_MSGSEND = YES;
				ENABLE_TESTABILITY = YES;
				GCC_C_LANGUAGE_STANDARD = gnu11;
				GCC_DYNAMIC_NO_PIC = NO;
				GCC_NO_COMMON_BLOCKS = YES;
				GCC_OPTIMIZATION_LEVEL = 0;
				GCC_PREPROCESSOR_DEFINITIONS = (
					"DEBUG=1",
					"$(inherited)",
				);
				GCC_WARN_64_TO_32_BIT_CONVERSION = YES;
				GCC_WARN_ABOUT_RETURN_TYPE = YES_ERROR;
				GCC_WARN_UNDECLARED_SELECTOR = YES;
				GCC_WARN_UNINITIALIZED_AUTOS = YES_AGGRESSIVE;
				GCC_WARN_UNUSED_FUNCTION = YES;
				GCC_WARN_UNUSED_VARIABLE = YES;
				IPHONEOS_DEPLOYMENT_TARGET = 12.1;
				MTL_ENABLE_DEBUG_INFO = INCLUDE_SOURCE;
				MTL_FAST_MATH = YES;
				ONLY_ACTIVE_ARCH = YES;
				SDKROOT = iphoneos;
				SWIFT_ACTIVE_COMPILATION_CONDITIONS = DEBUG;
				SWIFT_OPTIMIZATION_LEVEL = "-Onone";
			};
			name = Debug;
		};
		C72D9DE921F2F3C2006C2640 /* Release */ = {
			isa = XCBuildConfiguration;
			buildSettings = {
				ALWAYS_SEARCH_USER_PATHS = NO;
				CLANG_ANALYZER_NONNULL = YES;
				CLANG_ANALYZER_NUMBER_OBJECT_CONVERSION = YES_AGGRESSIVE;
				CLANG_CXX_LANGUAGE_STANDARD = "gnu++14";
				CLANG_CXX_LIBRARY = "libc++";
				CLANG_ENABLE_MODULES = YES;
				CLANG_ENABLE_OBJC_ARC = YES;
				CLANG_ENABLE_OBJC_WEAK = YES;
				CLANG_WARN_BLOCK_CAPTURE_AUTORELEASING = YES;
				CLANG_WARN_BOOL_CONVERSION = YES;
				CLANG_WARN_COMMA = YES;
				CLANG_WARN_CONSTANT_CONVERSION = YES;
				CLANG_WARN_DEPRECATED_OBJC_IMPLEMENTATIONS = YES;
				CLANG_WARN_DIRECT_OBJC_ISA_USAGE = YES_ERROR;
				CLANG_WARN_DOCUMENTATION_COMMENTS = YES;
				CLANG_WARN_EMPTY_BODY = YES;
				CLANG_WARN_ENUM_CONVERSION = YES;
				CLANG_WARN_INFINITE_RECURSION = YES;
				CLANG_WARN_INT_CONVERSION = YES;
				CLANG_WARN_NON_LITERAL_NULL_CONVERSION = YES;
				CLANG_WARN_OBJC_IMPLICIT_RETAIN_SELF = YES;
				CLANG_WARN_OBJC_LITERAL_CONVERSION = YES;
				CLANG_WARN_OBJC_ROOT_CLASS = YES_ERROR;
				CLANG_WARN_RANGE_LOOP_ANALYSIS = YES;
				CLANG_WARN_STRICT_PROTOTYPES = YES;
				CLANG_WARN_SUSPICIOUS_MOVE = YES;
				CLANG_WARN_UNGUARDED_AVAILABILITY = YES_AGGRESSIVE;
				CLANG_WARN_UNREACHABLE_CODE = YES;
				CLANG_WARN__DUPLICATE_METHOD_MATCH = YES;
				CODE_SIGN_IDENTITY = "iPhone Developer";
				COPY_PHASE_STRIP = NO;
				DEBUG_INFORMATION_FORMAT = "dwarf-with-dsym";
				ENABLE_NS_ASSERTIONS = NO;
				ENABLE_STRICT_OBJC_MSGSEND = YES;
				GCC_C_LANGUAGE_STANDARD = gnu11;
				GCC_NO_COMMON_BLOCKS = YES;
				GCC_WARN_64_TO_32_BIT_CONVERSION = YES;
				GCC_WARN_ABOUT_RETURN_TYPE = YES_ERROR;
				GCC_WARN_UNDECLARED_SELECTOR = YES;
				GCC_WARN_UNINITIALIZED_AUTOS = YES_AGGRESSIVE;
				GCC_WARN_UNUSED_FUNCTION = YES;
				GCC_WARN_UNUSED_VARIABLE = YES;
				IPHONEOS_DEPLOYMENT_TARGET = 12.1;
				MTL_ENABLE_DEBUG_INFO = NO;
				MTL_FAST_MATH = YES;
				SDKROOT = iphoneos;
				SWIFT_COMPILATION_MODE = wholemodule;
				SWIFT_OPTIMIZATION_LEVEL = "-O";
				VALIDATE_PRODUCT = YES;
			};
			name = Release;
		};
		C72D9DEB21F2F3C2006C2640 /* Debug */ = {
			isa = XCBuildConfiguration;
			buildSettings = {
				ASSETCATALOG_COMPILER_APPICON_NAME = AppIcon;
				CODE_SIGN_STYLE = Automatic;
				DEVELOPMENT_TEAM = A7H7PFTYZM;
				INFOPLIST_FILE = "Semi-Automated Platooning for Efficient Transportation/Info.plist";
				LD_RUNPATH_SEARCH_PATHS = (
					"$(inherited)",
					"@executable_path/Frameworks",
				);
				PRODUCT_BUNDLE_IDENTIFIER = "com.AarushMehrotra.Semi-Automated-Platooning-for-Efficient-Transportation";
				PRODUCT_NAME = "$(TARGET_NAME)";
				SWIFT_VERSION = 4.2;
				TARGETED_DEVICE_FAMILY = "1,2";
			};
			name = Debug;
		};
		C72D9DEC21F2F3C2006C2640 /* Release */ = {
			isa = XCBuildConfiguration;
			buildSettings = {
				ASSETCATALOG_COMPILER_APPICON_NAME = AppIcon;
				CODE_SIGN_STYLE = Automatic;
				DEVELOPMENT_TEAM = A7H7PFTYZM;
				INFOPLIST_FILE = "Semi-Automated Platooning for Efficient Transportation/Info.plist";
				LD_RUNPATH_SEARCH_PATHS = (
					"$(inherited)",
					"@executable_path/Frameworks",
				);
				PRODUCT_BUNDLE_IDENTIFIER = "com.AarushMehrotra.Semi-Automated-Platooning-for-Efficient-Transportation";
				PRODUCT_NAME = "$(TARGET_NAME)";
				SWIFT_VERSION = 4.2;
				TARGETED_DEVICE_FAMILY = "1,2";
			};
			name = Release;
		};
/* End XCBuildConfiguration section */

/* Begin XCConfigurationList section */
		C72D9DD321F2F3C1006C2640 /* Build configuration list for PBXProject "Semi-Automated Platooning for Efficient Transportation" */ = {
			isa = XCConfigurationList;
			buildConfigurations = (
				C72D9DE821F2F3C2006C2640 /* Debug */,
				C72D9DE921F2F3C2006C2640 /* Release */,
			);
			defaultConfigurationIsVisible = 0;
			defaultConfigurationName = Release;
		};
		C72D9DEA21F2F3C2006C2640 /* Build configuration list for PBXNativeTarget "Semi-Automated Platooning for Efficient Transportation" */ = {
			isa = XCConfigurationList;
			buildConfigurations = (
				C72D9DEB21F2F3C2006C2640 /* Debug */,
				C72D9DEC21F2F3C2006C2640 /* Release */,
			);
			defaultConfigurationIsVisible = 0;
			defaultConfigurationName = Release;
		};
/* End XCConfigurationList section */
	};
	rootObject = C72D9DD021F2F3C1006C2640 /* Project object */;
}
