// !$*UTF8*$!
{
	archiveVersion = 1;
	classes = {
	};
	objectVersion = 50;
	objects = {

/* Begin PBXBuildFile section */
		C76E738C21F3E588008DEC6B /* AppDelegate.swift in Sources */ = {isa = PBXBuildFile; fileRef = C76E738B21F3E588008DEC6B /* AppDelegate.swift */; };
		C76E738E21F3E588008DEC6B /* ViewController.swift in Sources */ = {isa = PBXBuildFile; fileRef = C76E738D21F3E588008DEC6B /* ViewController.swift */; };
		C76E739121F3E588008DEC6B /* Main.storyboard in Resources */ = {isa = PBXBuildFile; fileRef = C76E738F21F3E588008DEC6B /* Main.storyboard */; };
		C76E739321F3E58A008DEC6B /* Assets.xcassets in Resources */ = {isa = PBXBuildFile; fileRef = C76E739221F3E58A008DEC6B /* Assets.xcassets */; };
		C76E739621F3E58A008DEC6B /* LaunchScreen.storyboard in Resources */ = {isa = PBXBuildFile; fileRef = C76E739421F3E58A008DEC6B /* LaunchScreen.storyboard */; };
/* End PBXBuildFile section */

/* Begin PBXFileReference section */
		C76E738821F3E588008DEC6B /* Road Train Agent.app */ = {isa = PBXFileReference; explicitFileType = wrapper.application; includeInIndex = 0; path = "Road Train Agent.app"; sourceTree = BUILT_PRODUCTS_DIR; };
		C76E738B21F3E588008DEC6B /* AppDelegate.swift */ = {isa = PBXFileReference; lastKnownFileType = sourcecode.swift; path = AppDelegate.swift; sourceTree = "<group>"; };
		C76E738D21F3E588008DEC6B /* ViewController.swift */ = {isa = PBXFileReference; lastKnownFileType = sourcecode.swift; path = ViewController.swift; sourceTree = "<group>"; };
		C76E739021F3E588008DEC6B /* Base */ = {isa = PBXFileReference; lastKnownFileType = file.storyboard; name = Base; path = Base.lproj/Main.storyboard; sourceTree = "<group>"; };
		C76E739221F3E58A008DEC6B /* Assets.xcassets */ = {isa = PBXFileReference; lastKnownFileType = folder.assetcatalog; path = Assets.xcassets; sourceTree = "<group>"; };
		C76E739521F3E58A008DEC6B /* Base */ = {isa = PBXFileReference; lastKnownFileType = file.storyboard; name = Base; path = Base.lproj/LaunchScreen.storyboard; sourceTree = "<group>"; };
		C76E739721F3E58A008DEC6B /* Info.plist */ = {isa = PBXFileReference; lastKnownFileType = text.plist.xml; path = Info.plist; sourceTree = "<group>"; };
/* End PBXFileReference section */

/* Begin PBXFrameworksBuildPhase section */
		C76E738521F3E588008DEC6B /* Frameworks */ = {
			isa = PBXFrameworksBuildPhase;
			buildActionMask = 2147483647;
			files = (
			);
			runOnlyForDeploymentPostprocessing = 0;
		};
/* End PBXFrameworksBuildPhase section */

/* Begin PBXGroup section */
		C76E737F21F3E588008DEC6B = {
			isa = PBXGroup;
			children = (
				C76E738A21F3E588008DEC6B /* Road Train Agent */,
				C76E738921F3E588008DEC6B /* Products */,
			);
			sourceTree = "<group>";
		};
		C76E738921F3E588008DEC6B /* Products */ = {
			isa = PBXGroup;
			children = (
				C76E738821F3E588008DEC6B /* Road Train Agent.app */,
			);
			name = Products;
			sourceTree = "<group>";
		};
		C76E738A21F3E588008DEC6B /* Road Train Agent */ = {
			isa = PBXGroup;
			children = (
				C76E738B21F3E588008DEC6B /* AppDelegate.swift */,
				C76E738D21F3E588008DEC6B /* ViewController.swift */,
				C76E738F21F3E588008DEC6B /* Main.storyboard */,
				C76E739221F3E58A008DEC6B /* Assets.xcassets */,
				C76E739421F3E58A008DEC6B /* LaunchScreen.storyboard */,
				C76E739721F3E58A008DEC6B /* Info.plist */,
			);
			path = "Road Train Agent";
			sourceTree = "<group>";
		};
/* End PBXGroup section */

/* Begin PBXNativeTarget section */
		C76E738721F3E588008DEC6B /* Road Train Agent */ = {
			isa = PBXNativeTarget;
			buildConfigurationList = C76E739A21F3E58A008DEC6B /* Build configuration list for PBXNativeTarget "Road Train Agent" */;
			buildPhases = (
				C76E738421F3E588008DEC6B /* Sources */,
				C76E738521F3E588008DEC6B /* Frameworks */,
				C76E738621F3E588008DEC6B /* Resources */,
			);
			buildRules = (
			);
			dependencies = (
			);
			name = "Road Train Agent";
			productName = "Road Train Agent";
			productReference = C76E738821F3E588008DEC6B /* Road Train Agent.app */;
			productType = "com.apple.product-type.application";
		};
/* End PBXNativeTarget section */

/* Begin PBXProject section */
		C76E738021F3E588008DEC6B /* Project object */ = {
			isa = PBXProject;
			attributes = {
				LastSwiftUpdateCheck = 1010;
				LastUpgradeCheck = 1010;
				ORGANIZATIONNAME = "Aarush Mehrotra";
				TargetAttributes = {
					C76E738721F3E588008DEC6B = {
						CreatedOnToolsVersion = 10.1;
					};
				};
			};
			buildConfigurationList = C76E738321F3E588008DEC6B /* Build configuration list for PBXProject "Road Train Agent" */;
			compatibilityVersion = "Xcode 9.3";
			developmentRegion = en;
			hasScannedForEncodings = 0;
			knownRegions = (
				en,
				Base,
			);
			mainGroup = C76E737F21F3E588008DEC6B;
			productRefGroup = C76E738921F3E588008DEC6B /* Products */;
			projectDirPath = "";
			projectRoot = "";
			targets = (
				C76E738721F3E588008DEC6B /* Road Train Agent */,
			);
		};
/* End PBXProject section */

/* Begin PBXResourcesBuildPhase section */
		C76E738621F3E588008DEC6B /* Resources */ = {
			isa = PBXResourcesBuildPhase;
			buildActionMask = 2147483647;
			files = (
				C76E739621F3E58A008DEC6B /* LaunchScreen.storyboard in Resources */,
				C76E739321F3E58A008DEC6B /* Assets.xcassets in Resources */,
				C76E739121F3E588008DEC6B /* Main.storyboard in Resources */,
			);
			runOnlyForDeploymentPostprocessing = 0;
		};
/* End PBXResourcesBuildPhase section */

/* Begin PBXSourcesBuildPhase section */
		C76E738421F3E588008DEC6B /* Sources */ = {
			isa = PBXSourcesBuildPhase;
			buildActionMask = 2147483647;
			files = (
				C76E738E21F3E588008DEC6B /* ViewController.swift in Sources */,
				C76E738C21F3E588008DEC6B /* AppDelegate.swift in Sources */,
			);
			runOnlyForDeploymentPostprocessing = 0;
		};
/* End PBXSourcesBuildPhase section */

/* Begin PBXVariantGroup section */
		C76E738F21F3E588008DEC6B /* Main.storyboard */ = {
			isa = PBXVariantGroup;
			children = (
				C76E739021F3E588008DEC6B /* Base */,
			);
			name = Main.storyboard;
			sourceTree = "<group>";
		};
		C76E739421F3E58A008DEC6B /* LaunchScreen.storyboard */ = {
			isa = PBXVariantGroup;
			children = (
				C76E739521F3E58A008DEC6B /* Base */,
			);
			name = LaunchScreen.storyboard;
			sourceTree = "<group>";
		};
/* End PBXVariantGroup section */

/* Begin XCBuildConfiguration section */
		C76E739821F3E58A008DEC6B /* Debug */ = {
			isa = XCBuildConfiguration;
			buildSettings = {
				ALWAYS_SEARCH_USER_PATHS = NO;
				CLANG_ANALYZER_NONNULL = YES;
				CLANG_ANALYZER_NUMBER_OBJECT_CONVERSION = YES_AGGRESSIVE;
				CLANG_CXX_LANGUAGE_STANDARD = "gnu++14";
				CLANG_CXX_LIBRARY = "libc++";
				CLANG_ENABLE_MODULES = YES;
				CLANG_ENABLE_OBJC_ARC = YES;
				CLANG_ENABLE_OBJC_WEAK = YES;
				CLANG_WARN_BLOCK_CAPTURE_AUTORELEASING = YES;
				CLANG_WARN_BOOL_CONVERSION = YES;
				CLANG_WARN_COMMA = YES;
				CLANG_WARN_CONSTANT_CONVERSION = YES;
				CLANG_WARN_DEPRECATED_OBJC_IMPLEMENTATIONS = YES;
				CLANG_WARN_DIRECT_OBJC_ISA_USAGE = YES_ERROR;
				CLANG_WARN_DOCUMENTATION_COMMENTS = YES;
				CLANG_WARN_EMPTY_BODY = YES;
				CLANG_WARN_ENUM_CONVERSION = YES;
				CLANG_WARN_INFINITE_RECURSION = YES;
				CLANG_WARN_INT_CONVERSION = YES;
				CLANG_WARN_NON_LITERAL_NULL_CONVERSION = YES;
				CLANG_WARN_OBJC_IMPLICIT_RETAIN_SELF = YES;
				CLANG_WARN_OBJC_LITERAL_CONVERSION = YES;
				CLANG_WARN_OBJC_ROOT_CLASS = YES_ERROR;
				CLANG_WARN_RANGE_LOOP_ANALYSIS = YES;
				CLANG_WARN_STRICT_PROTOTYPES = YES;
				CLANG_WARN_SUSPICIOUS_MOVE = YES;
				CLANG_WARN_UNGUARDED_AVAILABILITY = YES_AGGRESSIVE;
				CLANG_WARN_UNREACHABLE_CODE = YES;
				CLANG_WARN__DUPLICATE_METHOD_MATCH = YES;
				CODE_SIGN_IDENTITY = "iPhone Developer";
				COPY_PHASE_STRIP = NO;
				DEBUG_INFORMATION_FORMAT = dwarf;
				ENABLE_STRICT_OBJC_MSGSEND = YES;
				ENABLE_TESTABILITY = YES;
				GCC_C_LANGUAGE_STANDARD = gnu11;
				GCC_DYNAMIC_NO_PIC = NO;
				GCC_NO_COMMON_BLOCKS = YES;
				GCC_OPTIMIZATION_LEVEL = 0;
				GCC_PREPROCESSOR_DEFINITIONS = (
					"DEBUG=1",
					"$(inherited)",
				);
				GCC_WARN_64_TO_32_BIT_CONVERSION = YES;
				GCC_WARN_ABOUT_RETURN_TYPE = YES_ERROR;
				GCC_WARN_UNDECLARED_SELECTOR = YES;
				GCC_WARN_UNINITIALIZED_AUTOS = YES_AGGRESSIVE;
				GCC_WARN_UNUSED_FUNCTION = YES;
				GCC_WARN_UNUSED_VARIABLE = YES;
				IPHONEOS_DEPLOYMENT_TARGET = 12.1;
				MTL_ENABLE_DEBUG_INFO = INCLUDE_SOURCE;
				MTL_FAST_MATH = YES;
				ONLY_ACTIVE_ARCH = YES;
				SDKROOT = iphoneos;
				SWIFT_ACTIVE_COMPILATION_CONDITIONS = DEBUG;
				SWIFT_OPTIMIZATION_LEVEL = "-Onone";
			};
			name = Debug;
		};
		C76E739921F3E58A008DEC6B /* Release */ = {
			isa = XCBuildConfiguration;
			buildSettings = {
				ALWAYS_SEARCH_USER_PATHS = NO;
				CLANG_ANALYZER_NONNULL = YES;
				CLANG_ANALYZER_NUMBER_OBJECT_CONVERSION = YES_AGGRESSIVE;
				CLANG_CXX_LANGUAGE_STANDARD = "gnu++14";
				CLANG_CXX_LIBRARY = "libc++";
				CLANG_ENABLE_MODULES = YES;
				CLANG_ENABLE_OBJC_ARC = YES;
				CLANG_ENABLE_OBJC_WEAK = YES;
				CLANG_WARN_BLOCK_CAPTURE_AUTORELEASING = YES;
				CLANG_WARN_BOOL_CONVERSION = YES;
				CLANG_WARN_COMMA = YES;
				CLANG_WARN_CONSTANT_CONVERSION = YES;
				CLANG_WARN_DEPRECATED_OBJC_IMPLEMENTATIONS = YES;
				CLANG_WARN_DIRECT_OBJC_ISA_USAGE = YES_ERROR;
				CLANG_WARN_DOCUMENTATION_COMMENTS = YES;
				CLANG_WARN_EMPTY_BODY = YES;
				CLANG_WARN_ENUM_CONVERSION = YES;
				CLANG_WARN_INFINITE_RECURSION = YES;
				CLANG_WARN_INT_CONVERSION = YES;
				CLANG_WARN_NON_LITERAL_NULL_CONVERSION = YES;
				CLANG_WARN_OBJC_IMPLICIT_RETAIN_SELF = YES;
				CLANG_WARN_OBJC_LITERAL_CONVERSION = YES;
				CLANG_WARN_OBJC_ROOT_CLASS = YES_ERROR;
				CLANG_WARN_RANGE_LOOP_ANALYSIS = YES;
				CLANG_WARN_STRICT_PROTOTYPES = YES;
				CLANG_WARN_SUSPICIOUS_MOVE = YES;
				CLANG_WARN_UNGUARDED_AVAILABILITY = YES_AGGRESSIVE;
				CLANG_WARN_UNREACHABLE_CODE = YES;
				CLANG_WARN__DUPLICATE_METHOD_MATCH = YES;
				CODE_SIGN_IDENTITY = "iPhone Developer";
				COPY_PHASE_STRIP = NO;
				DEBUG_INFORMATION_FORMAT = "dwarf-with-dsym";
				ENABLE_NS_ASSERTIONS = NO;
				ENABLE_STRICT_OBJC_MSGSEND = YES;
				GCC_C_LANGUAGE_STANDARD = gnu11;
				GCC_NO_COMMON_BLOCKS = YES;
				GCC_WARN_64_TO_32_BIT_CONVERSION = YES;
				GCC_WARN_ABOUT_RETURN_TYPE = YES_ERROR;
				GCC_WARN_UNDECLARED_SELECTOR = YES;
				GCC_WARN_UNINITIALIZED_AUTOS = YES_AGGRESSIVE;
				GCC_WARN_UNUSED_FUNCTION = YES;
				GCC_WARN_UNUSED_VARIABLE = YES;
				IPHONEOS_DEPLOYMENT_TARGET = 12.1;
				MTL_ENABLE_DEBUG_INFO = NO;
				MTL_FAST_MATH = YES;
				SDKROOT = iphoneos;
				SWIFT_COMPILATION_MODE = wholemodule;
				SWIFT_OPTIMIZATION_LEVEL = "-O";
				VALIDATE_PRODUCT = YES;
			};
			name = Release;
		};
		C76E739B21F3E58A008DEC6B /* Debug */ = {
			isa = XCBuildConfiguration;
			buildSettings = {
				ASSETCATALOG_COMPILER_APPICON_NAME = AppIcon;
				CODE_SIGN_STYLE = Automatic;
				DEVELOPMENT_TEAM = A7H7PFTYZM;
				INFOPLIST_FILE = "Road Train Agent/Info.plist";
				LD_RUNPATH_SEARCH_PATHS = (
					"$(inherited)",
					"@executable_path/Frameworks",
				);
				PRODUCT_BUNDLE_IDENTIFIER = "com.AarushMehrotra.Road-Train-Agent";
				PRODUCT_NAME = "$(TARGET_NAME)";
				SWIFT_VERSION = 4.2;
				TARGETED_DEVICE_FAMILY = "1,2";
			};
			name = Debug;
		};
		C76E739C21F3E58A008DEC6B /* Release */ = {
			isa = XCBuildConfiguration;
			buildSettings = {
				ASSETCATALOG_COMPILER_APPICON_NAME = AppIcon;
				CODE_SIGN_STYLE = Automatic;
				DEVELOPMENT_TEAM = A7H7PFTYZM;
				INFOPLIST_FILE = "Road Train Agent/Info.plist";
				LD_RUNPATH_SEARCH_PATHS = (
					"$(inherited)",
					"@executable_path/Frameworks",
				);
				PRODUCT_BUNDLE_IDENTIFIER = "com.AarushMehrotra.Road-Train-Agent";
				PRODUCT_NAME = "$(TARGET_NAME)";
				SWIFT_VERSION = 4.2;
				TARGETED_DEVICE_FAMILY = "1,2";
			};
			name = Release;
		};
/* End XCBuildConfiguration section */

/* Begin XCConfigurationList section */
		C76E738321F3E588008DEC6B /* Build configuration list for PBXProject "Road Train Agent" */ = {
			isa = XCConfigurationList;
			buildConfigurations = (
				C76E739821F3E58A008DEC6B /* Debug */,
				C76E739921F3E58A008DEC6B /* Release */,
			);
			defaultConfigurationIsVisible = 0;
			defaultConfigurationName = Release;
		};
		C76E739A21F3E58A008DEC6B /* Build configuration list for PBXNativeTarget "Road Train Agent" */ = {
			isa = XCConfigurationList;
			buildConfigurations = (
				C76E739B21F3E58A008DEC6B /* Debug */,
				C76E739C21F3E58A008DEC6B /* Release */,
			);
			defaultConfigurationIsVisible = 0;
			defaultConfigurationName = Release;
		};
/* End XCConfigurationList section */
	};
	rootObject = C76E738021F3E588008DEC6B /* Project object */;
}
